
Microsoft Visual Studio Solution File, Format Version 12.00
# Visual Studio Version 17
VisualStudioVersion = 17.2.32616.157
MinimumVisualStudioVersion = 10.0.40219.1
Project("{FAE04EC0-301F-11D3-BF4B-00C04F79EFBC}") = "DesignPatterns", "DesignPatterns\DesignPatterns.csproj", "{A5C89115-EE5C-4008-8C8D-3B1E185B642A}"
EndProject
Global
	GlobalSection(SolutionConfigurationPlatforms) = preSolution
		Debug|Any CPU = Debug|Any CPU
		Release|Any CPU = Release|Any CPU
	EndGlobalSection
	GlobalSection(ProjectConfigurationPlatforms) = postSolution
		{A5C89115-EE5C-4008-8C8D-3B1E185B642A}.Debug|Any CPU.ActiveCfg = Debug|Any CPU
		{A5C89115-EE5C-4008-8C8D-3B1E185B642A}.Debug|Any CPU.Build.0 = Debug|Any CPU
		{A5C89115-EE5C-4008-8C8D-3B1E185B642A}.Release|Any CPU.ActiveCfg = Release|Any CPU
		{A5C89115-EE5C-4008-8C8D-3B1E185B642A}.Release|Any CPU.Build.0 = Release|Any CPU
	EndGlobalSection
	GlobalSection(SolutionProperties) = preSolution
		HideSolutionNode = FALSE
	EndGlobalSection
	GlobalSection(ExtensibilityGlobals) = postSolution
		SolutionGuid = {1BE8D051-807C-4E8E-B701-C990FC75838D}
	EndGlobalSection
EndGlobal
